<?xml version="1.0" encoding="utf-8"?>
<Project ToolsVersion="4.0" xmlns="http://schemas.microsoft.com/developer/msbuild/2003">
  <ItemGroup>
    <Filter Include="Source Files">
      <UniqueIdentifier>{4FC737F1-C7A5-4376-A066-2A32D752A2FF}</UniqueIdentifier>
      <Extensions>cpp;c;cc;cxx;def;odl;idl;hpj;bat;asm;asmx</Extensions>
    </Filter>
    <Filter Include="Source Files\Precompile">
      <UniqueIdentifier>{ccd0d419-b709-447e-90fb-a36688b6ad22}</UniqueIdentifier>
    </Filter>
    <Filter Include="Header Files">
      <UniqueIdentifier>{93995380-89BD-4b04-88EB-625FBE52EBFB}</UniqueIdentifier>
      <Extensions>h;hpp;hxx;hm;inl;inc;xsd</Extensions>
    </Filter>
    <Filter Include="Header Files\Precompile">
      <UniqueIdentifier>{707b38af-09ef-426c-84e3-79864b5af15c}</UniqueIdentifier>
    </Filter>
    <Filter Include="Resource Files">
      <UniqueIdentifier>{67DA6AB6-F800-4c08-8B7A-83BB121AAD01}</UniqueIdentifier>
      <Extensions>rc;ico;cur;bmp;dlg;rc2;rct;bin;rgs;gif;jpg;jpeg;jpe;resx;tiff;tif;png;wav</Extensions>
    </Filter>
    <Filter Include="Header Files\ISO">
      <UniqueIdentifier>{2ae8472a-9967-4126-8f96-c12dd0209aaa}</UniqueIdentifier>
    </Filter>
    <Filter Include="Source Files\ISO">
      <UniqueIdentifier>{0ef0ea4d-57e2-4a24-bc0c-364e8e4e518a}</UniqueIdentifier>
    </Filter>
  </ItemGroup>
  <ItemGroup>
    <ClCompile Include="SegaCDI.cpp">
      <Filter>Source Files</Filter>
    </ClCompile>
    <ClCompile Include="stdafx.cpp">
      <Filter>Source Files\Precompile</Filter>
    </ClCompile>
    <ClCompile Include="ISO\Iso9660.cpp">
      <Filter>Source Files\ISO</Filter>
    </ClCompile>
    <ClCompile Include="DiskJuggler\CdiFileHandle.cpp">
      <Filter>Source Files</Filter>
    </ClCompile>
    <ClCompile Include="Dreamcast\Bootstrap.cpp">
      <Filter>Source Files</Filter>
    </ClCompile>
    <ClCompile Include="Dreamcast\CdiImage.cpp">
      <Filter>Source Files</Filter>
    </ClCompile>
    <ClCompile Include="Dreamcast\MRImage.cpp">
      <Filter>Source Files</Filter>
    </ClCompile>
  </ItemGroup>
  <ItemGroup>
    <ClInclude Include="stdafx.h">
      <Filter>Header Files\Precompile</Filter>
    </ClInclude>
    <ClInclude Include="targetver.h">
      <Filter>Header Files\Precompile</Filter>
    </ClInclude>
    <ClInclude Include="ISO\Iso9660.h">
      <Filter>Header Files\ISO</Filter>
    </ClInclude>
    <ClInclude Include="ISO\Iso9660Types.h">
      <Filter>Header Files\ISO</Filter>
    </ClInclude>
    <ClInclude Include="DiskJuggler\CdiFileHandle.h">
      <Filter>Header Files</Filter>
    </ClInclude>
    <ClInclude Include="Misc\Utilities.h">
      <Filter>Header Files</Filter>
    </ClInclude>
    <ClInclude Include="Misc\FlatMemoryIterator.h">
      <Filter>Header Files</Filter>
    </ClInclude>
    <ClInclude Include="Dreamcast\Bootstrap.h">
      <Filter>Header Files</Filter>
    </ClInclude>
    <ClInclude Include="Dreamcast\CdiImage.h">
      <Filter>Header Files</Filter>
    </ClInclude>
    <ClInclude Include="Dreamcast\MRImage.h">
      <Filter>Header Files</Filter>
    </ClInclude>
    <ClInclude Include="Misc\DisjointCollection.h">
      <Filter>Header Files</Filter>
    </ClInclude>
  </ItemGroup>
  <ItemGroup>
    <Text Include="ReadMe.txt" />
  </ItemGroup>
</Project>